
Microsoft Visual Studio Solution File, Format Version 12.00
# Visual Studio Version 16
VisualStudioVersion = 16.0.29920.165
MinimumVisualStudioVersion = 10.0.40219.1
Project("{9A19103F-16F7-4668-BE54-9A1E7A4F7556}") = "E_CommerceAPI", "E_CommerceAPI\E_CommerceAPI.csproj", "{09227043-4DCF-46A8-8919-05DCC26B5F72}"
EndProject
Project("{9A19103F-16F7-4668-BE54-9A1E7A4F7556}") = "ProductLibrary", "ProductLibrary\ProductLibrary\ProductLibrary.csproj", "{39EB00FD-9103-46C9-AEDF-2B931D396473}"
EndProject
Global
	GlobalSection(SolutionConfigurationPlatforms) = preSolution
		Debug|Any CPU = Debug|Any CPU
		Release|Any CPU = Release|Any CPU
	EndGlobalSection
	GlobalSection(ProjectConfigurationPlatforms) = postSolution
		{09227043-4DCF-46A8-8919-05DCC26B5F72}.Debug|Any CPU.ActiveCfg = Debug|Any CPU
		{09227043-4DCF-46A8-8919-05DCC26B5F72}.Debug|Any CPU.Build.0 = Debug|Any CPU
		{09227043-4DCF-46A8-8919-05DCC26B5F72}.Release|Any CPU.ActiveCfg = Release|Any CPU
		{09227043-4DCF-46A8-8919-05DCC26B5F72}.Release|Any CPU.Build.0 = Release|Any CPU
		{39EB00FD-9103-46C9-AEDF-2B931D396473}.Debug|Any CPU.ActiveCfg = Debug|Any CPU
		{39EB00FD-9103-46C9-AEDF-2B931D396473}.Debug|Any CPU.Build.0 = Debug|Any CPU
		{39EB00FD-9103-46C9-AEDF-2B931D396473}.Release|Any CPU.ActiveCfg = Release|Any CPU
		{39EB00FD-9103-46C9-AEDF-2B931D396473}.Release|Any CPU.Build.0 = Release|Any CPU
	EndGlobalSection
	GlobalSection(SolutionProperties) = preSolution
		HideSolutionNode = FALSE
	EndGlobalSection
	GlobalSection(ExtensibilityGlobals) = postSolution
		SolutionGuid = {E4DEFFD5-3919-4BCB-ACA5-83F60433617F}
	EndGlobalSection
EndGlobal
